
Microsoft Visual Studio Solution File, Format Version 12.00
# Visual Studio 15
VisualStudioVersion = 15.0.28307.1758
MinimumVisualStudioVersion = 10.0.40219.1
Project("{FAE04EC0-301F-11D3-BF4B-00C04F79EFBC}") = "Axro_domashka_3_3_a_", "Axro_domashka_3_3_a_\Axro_domashka_3_3_a_.csproj", "{07DC7F8E-FAFC-4E54-A4B2-5896A31A3536}"
EndProject
Global
	GlobalSection(SolutionConfigurationPlatforms) = preSolution
		Debug|Any CPU = Debug|Any CPU
		Release|Any CPU = Release|Any CPU
	EndGlobalSection
	GlobalSection(ProjectConfigurationPlatforms) = postSolution
		{07DC7F8E-FAFC-4E54-A4B2-5896A31A3536}.Debug|Any CPU.ActiveCfg = Debug|Any CPU
		{07DC7F8E-FAFC-4E54-A4B2-5896A31A3536}.Debug|Any CPU.Build.0 = Debug|Any CPU
		{07DC7F8E-FAFC-4E54-A4B2-5896A31A3536}.Release|Any CPU.ActiveCfg = Release|Any CPU
		{07DC7F8E-FAFC-4E54-A4B2-5896A31A3536}.Release|Any CPU.Build.0 = Release|Any CPU
	EndGlobalSection
	GlobalSection(SolutionProperties) = preSolution
		HideSolutionNode = FALSE
	EndGlobalSection
	GlobalSection(ExtensibilityGlobals) = postSolution
		SolutionGuid = {0E4A2A81-87AE-4D3B-8E02-2C41D7E026C9}
	EndGlobalSection
EndGlobal
